
Microsoft Visual Studio Solution File, Format Version 12.00
# Visual Studio 15
VisualStudioVersion = 15.0.28010.2048
MinimumVisualStudioVersion = 10.0.40219.1
Project("{FAE04EC0-301F-11D3-BF4B-00C04F79EFBC}") = "CustomRouteHandlerApp", "CustomRouteHandlerApp\CustomRouteHandlerApp.csproj", "{05C5C1C5-600D-4FE2-8C41-4C6F1254D667}"
EndProject
Global
	GlobalSection(SolutionConfigurationPlatforms) = preSolution
		Debug|Any CPU = Debug|Any CPU
		Release|Any CPU = Release|Any CPU
	EndGlobalSection
	GlobalSection(ProjectConfigurationPlatforms) = postSolution
		{05C5C1C5-600D-4FE2-8C41-4C6F1254D667}.Debug|Any CPU.ActiveCfg = Debug|Any CPU
		{05C5C1C5-600D-4FE2-8C41-4C6F1254D667}.Debug|Any CPU.Build.0 = Debug|Any CPU
		{05C5C1C5-600D-4FE2-8C41-4C6F1254D667}.Release|Any CPU.ActiveCfg = Release|Any CPU
		{05C5C1C5-600D-4FE2-8C41-4C6F1254D667}.Release|Any CPU.Build.0 = Release|Any CPU
	EndGlobalSection
	GlobalSection(SolutionProperties) = preSolution
		HideSolutionNode = FALSE
	EndGlobalSection
	GlobalSection(ExtensibilityGlobals) = postSolution
		SolutionGuid = {CA86F7E9-9E33-4014-BC51-4D09E41DA93A}
	EndGlobalSection
EndGlobal
